
Microsoft Visual Studio Solution File, Format Version 12.00
# Visual Studio 15
VisualStudioVersion = 15.0.28307.489
MinimumVisualStudioVersion = 10.0.40219.1
Project("{FAE04EC0-301F-11D3-BF4B-00C04F79EFBC}") = "Framework.MongoDB", "Framework.MongoDB\Framework.MongoDB.csproj", "{64C0579A-CF14-47ED-9700-76014528262F}"
EndProject
Project("{FAE04EC0-301F-11D3-BF4B-00C04F79EFBC}") = "UnitTestProject1", "UnitTestProject1\UnitTestProject1.csproj", "{838C597A-DAEE-49E2-84C2-E0350CD24480}"
EndProject
Global
	GlobalSection(SolutionConfigurationPlatforms) = preSolution
		Debug|Any CPU = Debug|Any CPU
		Release|Any CPU = Release|Any CPU
	EndGlobalSection
	GlobalSection(ProjectConfigurationPlatforms) = postSolution
		{64C0579A-CF14-47ED-9700-76014528262F}.Debug|Any CPU.ActiveCfg = Debug|Any CPU
		{64C0579A-CF14-47ED-9700-76014528262F}.Debug|Any CPU.Build.0 = Debug|Any CPU
		{64C0579A-CF14-47ED-9700-76014528262F}.Release|Any CPU.ActiveCfg = Release|Any CPU
		{64C0579A-CF14-47ED-9700-76014528262F}.Release|Any CPU.Build.0 = Release|Any CPU
		{838C597A-DAEE-49E2-84C2-E0350CD24480}.Debug|Any CPU.ActiveCfg = Debug|Any CPU
		{838C597A-DAEE-49E2-84C2-E0350CD24480}.Debug|Any CPU.Build.0 = Debug|Any CPU
		{838C597A-DAEE-49E2-84C2-E0350CD24480}.Release|Any CPU.ActiveCfg = Release|Any CPU
		{838C597A-DAEE-49E2-84C2-E0350CD24480}.Release|Any CPU.Build.0 = Release|Any CPU
	EndGlobalSection
	GlobalSection(SolutionProperties) = preSolution
		HideSolutionNode = FALSE
	EndGlobalSection
	GlobalSection(ExtensibilityGlobals) = postSolution
		SolutionGuid = {256D3AFD-7765-4D79-89E9-46452FAAE879}
	EndGlobalSection
EndGlobal
